
Microsoft Visual Studio Solution File, Format Version 12.00
# Visual Studio Version 17
VisualStudioVersion = 17.5.33414.496
MinimumVisualStudioVersion = 10.0.40219.1
Project("{FAE04EC0-301F-11D3-BF4B-00C04F79EFBC}") = "BlazorApp.Web", "BlazorApp.Web\BlazorApp.Web.csproj", "{B33CFE83-08B4-40EA-94F2-B64769E7C623}"
EndProject
Global
	GlobalSection(SolutionConfigurationPlatforms) = preSolution
		Debug|Any CPU = Debug|Any CPU
		Release|Any CPU = Release|Any CPU
	EndGlobalSection
	GlobalSection(ProjectConfigurationPlatforms) = postSolution
		{B33CFE83-08B4-40EA-94F2-B64769E7C623}.Debug|Any CPU.ActiveCfg = Debug|Any CPU
		{B33CFE83-08B4-40EA-94F2-B64769E7C623}.Debug|Any CPU.Build.0 = Debug|Any CPU
		{B33CFE83-08B4-40EA-94F2-B64769E7C623}.Release|Any CPU.ActiveCfg = Release|Any CPU
		{B33CFE83-08B4-40EA-94F2-B64769E7C623}.Release|Any CPU.Build.0 = Release|Any CPU
	EndGlobalSection
	GlobalSection(SolutionProperties) = preSolution
		HideSolutionNode = FALSE
	EndGlobalSection
	GlobalSection(ExtensibilityGlobals) = postSolution
		SolutionGuid = {3F0FF4C9-DCA8-44E9-A99C-B4776C8D0E70}
	EndGlobalSection
EndGlobal
